// !$*UTF8*$!
{
	archiveVersion = 1;
	classes = {
	};
	objectVersion = 48;
	objects = {

/* Begin PBXBuildFile section */
		610AA56E1F97C4BF00D37E98 /* AppDelegate.swift in Sources */ = {isa = PBXBuildFile; fileRef = 610AA56D1F97C4BF00D37E98 /* AppDelegate.swift */; };
		610AA5701F97C4BF00D37E98 /* ViewController.swift in Sources */ = {isa = PBXBuildFile; fileRef = 610AA56F1F97C4BF00D37E98 /* ViewController.swift */; };
		610AA5731F97C4BF00D37E98 /* Main.storyboard in Resources */ = {isa = PBXBuildFile; fileRef = 610AA5711F97C4BF00D37E98 /* Main.storyboard */; };
		610AA5751F97C4BF00D37E98 /* Assets.xcassets in Resources */ = {isa = PBXBuildFile; fileRef = 610AA5741F97C4BF00D37E98 /* Assets.xcassets */; };
		610AA5781F97C4BF00D37E98 /* LaunchScreen.storyboard in Resources */ = {isa = PBXBuildFile; fileRef = 610AA5761F97C4BF00D37E98 /* LaunchScreen.storyboard */; };
/* End PBXBuildFile section */

/* Begin PBXFileReference section */
		610AA56A1F97C4BF00D37E98 /* NetworkingBasicDemo.app */ = {isa = PBXFileReference; explicitFileType = wrapper.application; includeInIndex = 0; path = NetworkingBasicDemo.app; sourceTree = BUILT_PRODUCTS_DIR; };
		610AA56D1F97C4BF00D37E98 /* AppDelegate.swift */ = {isa = PBXFileReference; lastKnownFileType = sourcecode.swift; path = AppDelegate.swift; sourceTree = "<group>"; };
		610AA56F1F97C4BF00D37E98 /* ViewController.swift */ = {isa = PBXFileReference; lastKnownFileType = sourcecode.swift; path = ViewController.swift; sourceTree = "<group>"; };
		610AA5721F97C4BF00D37E98 /* Base */ = {isa = PBXFileReference; lastKnownFileType = file.storyboard; name = Base; path = Base.lproj/Main.storyboard; sourceTree = "<group>"; };
		610AA5741F97C4BF00D37E98 /* Assets.xcassets */ = {isa = PBXFileReference; lastKnownFileType = folder.assetcatalog; path = Assets.xcassets; sourceTree = "<group>"; };
		610AA5771F97C4BF00D37E98 /* Base */ = {isa = PBXFileReference; lastKnownFileType = file.storyboard; name = Base; path = Base.lproj/LaunchScreen.storyboard; sourceTree = "<group>"; };
		610AA5791F97C4BF00D37E98 /* Info.plist */ = {isa = PBXFileReference; lastKnownFileType = text.plist.xml; path = Info.plist; sourceTree = "<group>"; };
/* End PBXFileReference section */

/* Begin PBXFrameworksBuildPhase section */
		610AA5671F97C4BF00D37E98 /* Frameworks */ = {
			isa = PBXFrameworksBuildPhase;
			buildActionMask = 2147483647;
			files = (
			);
			runOnlyForDeploymentPostprocessing = 0;
		};
/* End PBXFrameworksBuildPhase section */

/* Begin PBXGroup section */
		610AA5611F97C4BF00D37E98 = {
			isa = PBXGroup;
			children = (
				610AA56C1F97C4BF00D37E98 /* NetworkingBasicDemo */,
				610AA56B1F97C4BF00D37E98 /* Products */,
			);
			sourceTree = "<group>";
		};
		610AA56B1F97C4BF00D37E98 /* Products */ = {
			isa = PBXGroup;
			children = (
				610AA56A1F97C4BF00D37E98 /* NetworkingBasicDemo.app */,
			);
			name = Products;
			sourceTree = "<group>";
		};
		610AA56C1F97C4BF00D37E98 /* NetworkingBasicDemo */ = {
			isa = PBXGroup;
			children = (
				610AA56D1F97C4BF00D37E98 /* AppDelegate.swift */,
				610AA56F1F97C4BF00D37E98 /* ViewController.swift */,
				610AA5711F97C4BF00D37E98 /* Main.storyboard */,
				610AA5741F97C4BF00D37E98 /* Assets.xcassets */,
				610AA5761F97C4BF00D37E98 /* LaunchScreen.storyboard */,
				610AA5791F97C4BF00D37E98 /* Info.plist */,
			);
			path = NetworkingBasicDemo;
			sourceTree = "<group>";
		};
/* End PBXGroup section */

/* Begin PBXNativeTarget section */
		610AA5691F97C4BF00D37E98 /* NetworkingBasicDemo */ = {
			isa = PBXNativeTarget;
			buildConfigurationList = 610AA57C1F97C4BF00D37E98 /* Build configuration list for PBXNativeTarget "NetworkingBasicDemo" */;
			buildPhases = (
				610AA5661F97C4BF00D37E98 /* Sources */,
				610AA5671F97C4BF00D37E98 /* Frameworks */,
				610AA5681F97C4BF00D37E98 /* Resources */,
			);
			buildRules = (
			);
			dependencies = (
			);
			name = NetworkingBasicDemo;
			productName = NetworkingBasicDemo;
			productReference = 610AA56A1F97C4BF00D37E98 /* NetworkingBasicDemo.app */;
			productType = "com.apple.product-type.application";
		};
/* End PBXNativeTarget section */

/* Begin PBXProject section */
		610AA5621F97C4BF00D37E98 /* Project object */ = {
			isa = PBXProject;
			attributes = {
				LastSwiftUpdateCheck = 0900;
				LastUpgradeCheck = 0900;
				ORGANIZATIONNAME = Aki;
				TargetAttributes = {
					610AA5691F97C4BF00D37E98 = {
						CreatedOnToolsVersion = 9.0;
						ProvisioningStyle = Automatic;
					};
				};
			};
			buildConfigurationList = 610AA5651F97C4BF00D37E98 /* Build configuration list for PBXProject "NetworkingBasicDemo" */;
			compatibilityVersion = "Xcode 8.0";
			developmentRegion = en;
			hasScannedForEncodings = 0;
			knownRegions = (
				en,
				Base,
			);
			mainGroup = 610AA5611F97C4BF00D37E98;
			productRefGroup = 610AA56B1F97C4BF00D37E98 /* Products */;
			projectDirPath = "";
			projectRoot = "";
			targets = (
				610AA5691F97C4BF00D37E98 /* NetworkingBasicDemo */,
			);
		};
/* End PBXProject section */

/* Begin PBXResourcesBuildPhase section */
		610AA5681F97C4BF00D37E98 /* Resources */ = {
			isa = PBXResourcesBuildPhase;
			buildActionMask = 2147483647;
			files = (
				610AA5781F97C4BF00D37E98 /* LaunchScreen.storyboard in Resources */,
				610AA5751F97C4BF00D37E98 /* Assets.xcassets in Resources */,
				610AA5731F97C4BF00D37E98 /* Main.storyboard in Resources */,
			);
			runOnlyForDeploymentPostprocessing = 0;
		};
/* End PBXResourcesBuildPhase section */

/* Begin PBXSourcesBuildPhase section */
		610AA5661F97C4BF00D37E98 /* Sources */ = {
			isa = PBXSourcesBuildPhase;
			buildActionMask = 2147483647;
			files = (
				610AA5701F97C4BF00D37E98 /* ViewController.swift in Sources */,
				610AA56E1F97C4BF00D37E98 /* AppDelegate.swift in Sources */,
			);
			runOnlyForDeploymentPostprocessing = 0;
		};
/* End PBXSourcesBuildPhase section */

/* Begin PBXVariantGroup section */
		610AA5711F97C4BF00D37E98 /* Main.storyboard */ = {
			isa = PBXVariantGroup;
			children = (
				610AA5721F97C4BF00D37E98 /* Base */,
			);
			name = Main.storyboard;
			sourceTree = "<group>";
		};
		610AA5761F97C4BF00D37E98 /* LaunchScreen.storyboard */ = {
			isa = PBXVariantGroup;
			children = (
				610AA5771F97C4BF00D37E98 /* Base */,
			);
			name = LaunchScreen.storyboard;
			sourceTree = "<group>";
		};
/* End PBXVariantGroup section */

/* Begin XCBuildConfiguration section */
		610AA57A1F97C4BF00D37E98 /* Debug */ = {
			isa = XCBuildConfiguration;
			buildSettings = {
				ALWAYS_SEARCH_USER_PATHS = NO;
				CLANG_ANALYZER_NONNULL = YES;
				CLANG_ANALYZER_NUMBER_OBJECT_CONVERSION = YES_AGGRESSIVE;
				CLANG_CXX_LANGUAGE_STANDARD = "gnu++14";
				CLANG_CXX_LIBRARY = "libc++";
				CLANG_ENABLE_MODULES = YES;
				CLANG_ENABLE_OBJC_ARC = YES;
				CLANG_WARN_BLOCK_CAPTURE_AUTORELEASING = YES;
				CLANG_WARN_BOOL_CONVERSION = YES;
				CLANG_WARN_COMMA = YES;
				CLANG_WARN_CONSTANT_CONVERSION = YES;
				CLANG_WARN_DIRECT_OBJC_ISA_USAGE = YES_ERROR;
				CLANG_WARN_DOCUMENTATION_COMMENTS = YES;
				CLANG_WARN_EMPTY_BODY = YES;
				CLANG_WARN_ENUM_CONVERSION = YES;
				CLANG_WARN_INFINITE_RECURSION = YES;
				CLANG_WARN_INT_CONVERSION = YES;
				CLANG_WARN_NON_LITERAL_NULL_CONVERSION = YES;
				CLANG_WARN_OBJC_LITERAL_CONVERSION = YES;
				CLANG_WARN_OBJC_ROOT_CLASS = YES_ERROR;
				CLANG_WARN_RANGE_LOOP_ANALYSIS = YES;
				CLANG_WARN_STRICT_PROTOTYPES = YES;
				CLANG_WARN_SUSPICIOUS_MOVE = YES;
				CLANG_WARN_UNGUARDED_AVAILABILITY = YES_AGGRESSIVE;
				CLANG_WARN_UNREACHABLE_CODE = YES;
				CLANG_WARN__DUPLICATE_METHOD_MATCH = YES;
				CODE_SIGN_IDENTITY = "iPhone Developer";
				COPY_PHASE_STRIP = NO;
				DEBUG_INFORMATION_FORMAT = dwarf;
				ENABLE_STRICT_OBJC_MSGSEND = YES;
				ENABLE_TESTABILITY = YES;
				GCC_C_LANGUAGE_STANDARD = gnu11;
				GCC_DYNAMIC_NO_PIC = NO;
				GCC_NO_COMMON_BLOCKS = YES;
				GCC_OPTIMIZATION_LEVEL = 0;
				GCC_PREPROCESSOR_DEFINITIONS = (
					"DEBUG=1",
					"$(inherited)",
				);
				GCC_WARN_64_TO_32_BIT_CONVERSION = YES;
				GCC_WARN_ABOUT_RETURN_TYPE = YES_ERROR;
				GCC_WARN_UNDECLARED_SELECTOR = YES;
				GCC_WARN_UNINITIALIZED_AUTOS = YES_AGGRESSIVE;
				GCC_WARN_UNUSED_FUNCTION = YES;
				GCC_WARN_UNUSED_VARIABLE = YES;
				IPHONEOS_DEPLOYMENT_TARGET = 11.0;
				MTL_ENABLE_DEBUG_INFO = YES;
				ONLY_ACTIVE_ARCH = YES;
				SDKROOT = iphoneos;
				SWIFT_ACTIVE_COMPILATION_CONDITIONS = DEBUG;
				SWIFT_OPTIMIZATION_LEVEL = "-Onone";
			};
			name = Debug;
		};
		610AA57B1F97C4BF00D37E98 /* Release */ = {
			isa = XCBuildConfiguration;
			buildSettings = {
				ALWAYS_SEARCH_USER_PATHS = NO;
				CLANG_ANALYZER_NONNULL = YES;
				CLANG_ANALYZER_NUMBER_OBJECT_CONVERSION = YES_AGGRESSIVE;
				CLANG_CXX_LANGUAGE_STANDARD = "gnu++14";
				CLANG_CXX_LIBRARY = "libc++";
				CLANG_ENABLE_MODULES = YES;
				CLANG_ENABLE_OBJC_ARC = YES;
				CLANG_WARN_BLOCK_CAPTURE_AUTORELEASING = YES;
				CLANG_WARN_BOOL_CONVERSION = YES;
				CLANG_WARN_COMMA = YES;
				CLANG_WARN_CONSTANT_CONVERSION = YES;
				CLANG_WARN_DIRECT_OBJC_ISA_USAGE = YES_ERROR;
				CLANG_WARN_DOCUMENTATION_COMMENTS = YES;
				CLANG_WARN_EMPTY_BODY = YES;
				CLANG_WARN_ENUM_CONVERSION = YES;
				CLANG_WARN_INFINITE_RECURSION = YES;
				CLANG_WARN_INT_CONVERSION = YES;
				CLANG_WARN_NON_LITERAL_NULL_CONVERSION = YES;
				CLANG_WARN_OBJC_LITERAL_CONVERSION = YES;
				CLANG_WARN_OBJC_ROOT_CLASS = YES_ERROR;
				CLANG_WARN_RANGE_LOOP_ANALYSIS = YES;
				CLANG_WARN_STRICT_PROTOTYPES = YES;
				CLANG_WARN_SUSPICIOUS_MOVE = YES;
				CLANG_WARN_UNGUARDED_AVAILABILITY = YES_AGGRESSIVE;
				CLANG_WARN_UNREACHABLE_CODE = YES;
				CLANG_WARN__DUPLICATE_METHOD_MATCH = YES;
				CODE_SIGN_IDENTITY = "iPhone Developer";
				COPY_PHASE_STRIP = NO;
				DEBUG_INFORMATION_FORMAT = "dwarf-with-dsym";
				ENABLE_NS_ASSERTIONS = NO;
				ENABLE_STRICT_OBJC_MSGSEND = YES;
				GCC_C_LANGUAGE_STANDARD = gnu11;
				GCC_NO_COMMON_BLOCKS = YES;
				GCC_WARN_64_TO_32_BIT_CONVERSION = YES;
				GCC_WARN_ABOUT_RETURN_TYPE = YES_ERROR;
				GCC_WARN_UNDECLARED_SELECTOR = YES;
				GCC_WARN_UNINITIALIZED_AUTOS = YES_AGGRESSIVE;
				GCC_WARN_UNUSED_FUNCTION = YES;
				GCC_WARN_UNUSED_VARIABLE = YES;
				IPHONEOS_DEPLOYMENT_TARGET = 11.0;
				MTL_ENABLE_DEBUG_INFO = NO;
				SDKROOT = iphoneos;
				SWIFT_OPTIMIZATION_LEVEL = "-Owholemodule";
				VALIDATE_PRODUCT = YES;
			};
			name = Release;
		};
		610AA57D1F97C4BF00D37E98 /* Debug */ = {
			isa = XCBuildConfiguration;
			buildSettings = {
				ASSETCATALOG_COMPILER_APPICON_NAME = AppIcon;
				CODE_SIGN_STYLE = Automatic;
				INFOPLIST_FILE = NetworkingBasicDemo/Info.plist;
				LD_RUNPATH_SEARCH_PATHS = "$(inherited) @executable_path/Frameworks";
				PRODUCT_BUNDLE_IDENTIFIER = aki.NetworkingBasicDemo;
				PRODUCT_NAME = "$(TARGET_NAME)";
				SWIFT_VERSION = 4.0;
				TARGETED_DEVICE_FAMILY = "1,2";
			};
			name = Debug;
		};
		610AA57E1F97C4BF00D37E98 /* Release */ = {
			isa = XCBuildConfiguration;
			buildSettings = {
				ASSETCATALOG_COMPILER_APPICON_NAME = AppIcon;
				CODE_SIGN_STYLE = Automatic;
				INFOPLIST_FILE = NetworkingBasicDemo/Info.plist;
				LD_RUNPATH_SEARCH_PATHS = "$(inherited) @executable_path/Frameworks";
				PRODUCT_BUNDLE_IDENTIFIER = aki.NetworkingBasicDemo;
				PRODUCT_NAME = "$(TARGET_NAME)";
				SWIFT_VERSION = 4.0;
				TARGETED_DEVICE_FAMILY = "1,2";
			};
			name = Release;
		};
/* End XCBuildConfiguration section */

/* Begin XCConfigurationList section */
		610AA5651F97C4BF00D37E98 /* Build configuration list for PBXProject "NetworkingBasicDemo" */ = {
			isa = XCConfigurationList;
			buildConfigurations = (
				610AA57A1F97C4BF00D37E98 /* Debug */,
				610AA57B1F97C4BF00D37E98 /* Release */,
			);
			defaultConfigurationIsVisible = 0;
			defaultConfigurationName = Release;
		};
		610AA57C1F97C4BF00D37E98 /* Build configuration list for PBXNativeTarget "NetworkingBasicDemo" */ = {
			isa = XCConfigurationList;
			buildConfigurations = (
				610AA57D1F97C4BF00D37E98 /* Debug */,
				610AA57E1F97C4BF00D37E98 /* Release */,
			);
			defaultConfigurationIsVisible = 0;
			defaultConfigurationName = Release;
		};
/* End XCConfigurationList section */
	};
	rootObject = 610AA5621F97C4BF00D37E98 /* Project object */;
}
