// !$*UTF8*$!
{
	archiveVersion = 1;
	classes = {
	};
	objectVersion = 48;
	objects = {

/* Begin PBXBuildFile section */
		615DC6EB1FC5F3CA0021BF86 /* AppDelegate.swift in Sources */ = {isa = PBXBuildFile; fileRef = 615DC6EA1FC5F3CA0021BF86 /* AppDelegate.swift */; };
		615DC6ED1FC5F3CA0021BF86 /* ViewController.swift in Sources */ = {isa = PBXBuildFile; fileRef = 615DC6EC1FC5F3CA0021BF86 /* ViewController.swift */; };
		615DC6F01FC5F3CA0021BF86 /* Main.storyboard in Resources */ = {isa = PBXBuildFile; fileRef = 615DC6EE1FC5F3CA0021BF86 /* Main.storyboard */; };
		615DC6F21FC5F3CA0021BF86 /* Assets.xcassets in Resources */ = {isa = PBXBuildFile; fileRef = 615DC6F11FC5F3CA0021BF86 /* Assets.xcassets */; };
		615DC6F51FC5F3CA0021BF86 /* LaunchScreen.storyboard in Resources */ = {isa = PBXBuildFile; fileRef = 615DC6F31FC5F3CA0021BF86 /* LaunchScreen.storyboard */; };
		615DC6FD1FC5F4EB0021BF86 /* NewsItem.swift in Sources */ = {isa = PBXBuildFile; fileRef = 615DC6FC1FC5F4EB0021BF86 /* NewsItem.swift */; };
		615DC6FF1FC5F7410021BF86 /* NewsTableViewCell.swift in Sources */ = {isa = PBXBuildFile; fileRef = 615DC6FE1FC5F7410021BF86 /* NewsTableViewCell.swift */; };
		615DC7011FC5F8FC0021BF86 /* TableViewController.swift in Sources */ = {isa = PBXBuildFile; fileRef = 615DC7001FC5F8FC0021BF86 /* TableViewController.swift */; };
/* End PBXBuildFile section */

/* Begin PBXFileReference section */
		615DC6E71FC5F3CA0021BF86 /* NewsApp.app */ = {isa = PBXFileReference; explicitFileType = wrapper.application; includeInIndex = 0; path = NewsApp.app; sourceTree = BUILT_PRODUCTS_DIR; };
		615DC6EA1FC5F3CA0021BF86 /* AppDelegate.swift */ = {isa = PBXFileReference; lastKnownFileType = sourcecode.swift; path = AppDelegate.swift; sourceTree = "<group>"; };
		615DC6EC1FC5F3CA0021BF86 /* ViewController.swift */ = {isa = PBXFileReference; lastKnownFileType = sourcecode.swift; path = ViewController.swift; sourceTree = "<group>"; };
		615DC6EF1FC5F3CA0021BF86 /* Base */ = {isa = PBXFileReference; lastKnownFileType = file.storyboard; name = Base; path = Base.lproj/Main.storyboard; sourceTree = "<group>"; };
		615DC6F11FC5F3CA0021BF86 /* Assets.xcassets */ = {isa = PBXFileReference; lastKnownFileType = folder.assetcatalog; path = Assets.xcassets; sourceTree = "<group>"; };
		615DC6F41FC5F3CA0021BF86 /* Base */ = {isa = PBXFileReference; lastKnownFileType = file.storyboard; name = Base; path = Base.lproj/LaunchScreen.storyboard; sourceTree = "<group>"; };
		615DC6F61FC5F3CA0021BF86 /* Info.plist */ = {isa = PBXFileReference; lastKnownFileType = text.plist.xml; path = Info.plist; sourceTree = "<group>"; };
		615DC6FC1FC5F4EB0021BF86 /* NewsItem.swift */ = {isa = PBXFileReference; lastKnownFileType = sourcecode.swift; path = NewsItem.swift; sourceTree = "<group>"; };
		615DC6FE1FC5F7410021BF86 /* NewsTableViewCell.swift */ = {isa = PBXFileReference; lastKnownFileType = sourcecode.swift; path = NewsTableViewCell.swift; sourceTree = "<group>"; };
		615DC7001FC5F8FC0021BF86 /* TableViewController.swift */ = {isa = PBXFileReference; lastKnownFileType = sourcecode.swift; path = TableViewController.swift; sourceTree = "<group>"; };
/* End PBXFileReference section */

/* Begin PBXFrameworksBuildPhase section */
		615DC6E41FC5F3CA0021BF86 /* Frameworks */ = {
			isa = PBXFrameworksBuildPhase;
			buildActionMask = 2147483647;
			files = (
			);
			runOnlyForDeploymentPostprocessing = 0;
		};
/* End PBXFrameworksBuildPhase section */

/* Begin PBXGroup section */
		615DC6DE1FC5F3CA0021BF86 = {
			isa = PBXGroup;
			children = (
				615DC6E91FC5F3CA0021BF86 /* NewsApp */,
				615DC6E81FC5F3CA0021BF86 /* Products */,
			);
			sourceTree = "<group>";
		};
		615DC6E81FC5F3CA0021BF86 /* Products */ = {
			isa = PBXGroup;
			children = (
				615DC6E71FC5F3CA0021BF86 /* NewsApp.app */,
			);
			name = Products;
			sourceTree = "<group>";
		};
		615DC6E91FC5F3CA0021BF86 /* NewsApp */ = {
			isa = PBXGroup;
			children = (
				615DC6EA1FC5F3CA0021BF86 /* AppDelegate.swift */,
				615DC6EC1FC5F3CA0021BF86 /* ViewController.swift */,
				615DC6EE1FC5F3CA0021BF86 /* Main.storyboard */,
				615DC6F11FC5F3CA0021BF86 /* Assets.xcassets */,
				615DC6F31FC5F3CA0021BF86 /* LaunchScreen.storyboard */,
				615DC6F61FC5F3CA0021BF86 /* Info.plist */,
				615DC6FC1FC5F4EB0021BF86 /* NewsItem.swift */,
				615DC6FE1FC5F7410021BF86 /* NewsTableViewCell.swift */,
				615DC7001FC5F8FC0021BF86 /* TableViewController.swift */,
			);
			path = NewsApp;
			sourceTree = "<group>";
		};
/* End PBXGroup section */

/* Begin PBXNativeTarget section */
		615DC6E61FC5F3CA0021BF86 /* NewsApp */ = {
			isa = PBXNativeTarget;
			buildConfigurationList = 615DC6F91FC5F3CA0021BF86 /* Build configuration list for PBXNativeTarget "NewsApp" */;
			buildPhases = (
				615DC6E31FC5F3CA0021BF86 /* Sources */,
				615DC6E41FC5F3CA0021BF86 /* Frameworks */,
				615DC6E51FC5F3CA0021BF86 /* Resources */,
			);
			buildRules = (
			);
			dependencies = (
			);
			name = NewsApp;
			productName = NewsApp;
			productReference = 615DC6E71FC5F3CA0021BF86 /* NewsApp.app */;
			productType = "com.apple.product-type.application";
		};
/* End PBXNativeTarget section */

/* Begin PBXProject section */
		615DC6DF1FC5F3CA0021BF86 /* Project object */ = {
			isa = PBXProject;
			attributes = {
				LastSwiftUpdateCheck = 0910;
				LastUpgradeCheck = 0910;
				ORGANIZATIONNAME = Aki;
				TargetAttributes = {
					615DC6E61FC5F3CA0021BF86 = {
						CreatedOnToolsVersion = 9.1;
						ProvisioningStyle = Automatic;
					};
				};
			};
			buildConfigurationList = 615DC6E21FC5F3CA0021BF86 /* Build configuration list for PBXProject "NewsApp" */;
			compatibilityVersion = "Xcode 8.0";
			developmentRegion = en;
			hasScannedForEncodings = 0;
			knownRegions = (
				en,
				Base,
			);
			mainGroup = 615DC6DE1FC5F3CA0021BF86;
			productRefGroup = 615DC6E81FC5F3CA0021BF86 /* Products */;
			projectDirPath = "";
			projectRoot = "";
			targets = (
				615DC6E61FC5F3CA0021BF86 /* NewsApp */,
			);
		};
/* End PBXProject section */

/* Begin PBXResourcesBuildPhase section */
		615DC6E51FC5F3CA0021BF86 /* Resources */ = {
			isa = PBXResourcesBuildPhase;
			buildActionMask = 2147483647;
			files = (
				615DC6F51FC5F3CA0021BF86 /* LaunchScreen.storyboard in Resources */,
				615DC6F21FC5F3CA0021BF86 /* Assets.xcassets in Resources */,
				615DC6F01FC5F3CA0021BF86 /* Main.storyboard in Resources */,
			);
			runOnlyForDeploymentPostprocessing = 0;
		};
/* End PBXResourcesBuildPhase section */

/* Begin PBXSourcesBuildPhase section */
		615DC6E31FC5F3CA0021BF86 /* Sources */ = {
			isa = PBXSourcesBuildPhase;
			buildActionMask = 2147483647;
			files = (
				615DC6ED1FC5F3CA0021BF86 /* ViewController.swift in Sources */,
				615DC6FD1FC5F4EB0021BF86 /* NewsItem.swift in Sources */,
				615DC6FF1FC5F7410021BF86 /* NewsTableViewCell.swift in Sources */,
				615DC7011FC5F8FC0021BF86 /* TableViewController.swift in Sources */,
				615DC6EB1FC5F3CA0021BF86 /* AppDelegate.swift in Sources */,
			);
			runOnlyForDeploymentPostprocessing = 0;
		};
/* End PBXSourcesBuildPhase section */

/* Begin PBXVariantGroup section */
		615DC6EE1FC5F3CA0021BF86 /* Main.storyboard */ = {
			isa = PBXVariantGroup;
			children = (
				615DC6EF1FC5F3CA0021BF86 /* Base */,
			);
			name = Main.storyboard;
			sourceTree = "<group>";
		};
		615DC6F31FC5F3CA0021BF86 /* LaunchScreen.storyboard */ = {
			isa = PBXVariantGroup;
			children = (
				615DC6F41FC5F3CA0021BF86 /* Base */,
			);
			name = LaunchScreen.storyboard;
			sourceTree = "<group>";
		};
/* End PBXVariantGroup section */

/* Begin XCBuildConfiguration section */
		615DC6F71FC5F3CA0021BF86 /* Debug */ = {
			isa = XCBuildConfiguration;
			buildSettings = {
				ALWAYS_SEARCH_USER_PATHS = NO;
				CLANG_ANALYZER_NONNULL = YES;
				CLANG_ANALYZER_NUMBER_OBJECT_CONVERSION = YES_AGGRESSIVE;
				CLANG_CXX_LANGUAGE_STANDARD = "gnu++14";
				CLANG_CXX_LIBRARY = "libc++";
				CLANG_ENABLE_MODULES = YES;
				CLANG_ENABLE_OBJC_ARC = YES;
				CLANG_WARN_BLOCK_CAPTURE_AUTORELEASING = YES;
				CLANG_WARN_BOOL_CONVERSION = YES;
				CLANG_WARN_COMMA = YES;
				CLANG_WARN_CONSTANT_CONVERSION = YES;
				CLANG_WARN_DIRECT_OBJC_ISA_USAGE = YES_ERROR;
				CLANG_WARN_DOCUMENTATION_COMMENTS = YES;
				CLANG_WARN_EMPTY_BODY = YES;
				CLANG_WARN_ENUM_CONVERSION = YES;
				CLANG_WARN_INFINITE_RECURSION = YES;
				CLANG_WARN_INT_CONVERSION = YES;
				CLANG_WARN_NON_LITERAL_NULL_CONVERSION = YES;
				CLANG_WARN_OBJC_LITERAL_CONVERSION = YES;
				CLANG_WARN_OBJC_ROOT_CLASS = YES_ERROR;
				CLANG_WARN_RANGE_LOOP_ANALYSIS = YES;
				CLANG_WARN_STRICT_PROTOTYPES = YES;
				CLANG_WARN_SUSPICIOUS_MOVE = YES;
				CLANG_WARN_UNGUARDED_AVAILABILITY = YES_AGGRESSIVE;
				CLANG_WARN_UNREACHABLE_CODE = YES;
				CLANG_WARN__DUPLICATE_METHOD_MATCH = YES;
				CODE_SIGN_IDENTITY = "iPhone Developer";
				COPY_PHASE_STRIP = NO;
				DEBUG_INFORMATION_FORMAT = dwarf;
				ENABLE_STRICT_OBJC_MSGSEND = YES;
				ENABLE_TESTABILITY = YES;
				GCC_C_LANGUAGE_STANDARD = gnu11;
				GCC_DYNAMIC_NO_PIC = NO;
				GCC_NO_COMMON_BLOCKS = YES;
				GCC_OPTIMIZATION_LEVEL = 0;
				GCC_PREPROCESSOR_DEFINITIONS = (
					"DEBUG=1",
					"$(inherited)",
				);
				GCC_WARN_64_TO_32_BIT_CONVERSION = YES;
				GCC_WARN_ABOUT_RETURN_TYPE = YES_ERROR;
				GCC_WARN_UNDECLARED_SELECTOR = YES;
				GCC_WARN_UNINITIALIZED_AUTOS = YES_AGGRESSIVE;
				GCC_WARN_UNUSED_FUNCTION = YES;
				GCC_WARN_UNUSED_VARIABLE = YES;
				IPHONEOS_DEPLOYMENT_TARGET = 11.1;
				MTL_ENABLE_DEBUG_INFO = YES;
				ONLY_ACTIVE_ARCH = YES;
				SDKROOT = iphoneos;
				SWIFT_ACTIVE_COMPILATION_CONDITIONS = DEBUG;
				SWIFT_OPTIMIZATION_LEVEL = "-Onone";
			};
			name = Debug;
		};
		615DC6F81FC5F3CA0021BF86 /* Release */ = {
			isa = XCBuildConfiguration;
			buildSettings = {
				ALWAYS_SEARCH_USER_PATHS = NO;
				CLANG_ANALYZER_NONNULL = YES;
				CLANG_ANALYZER_NUMBER_OBJECT_CONVERSION = YES_AGGRESSIVE;
				CLANG_CXX_LANGUAGE_STANDARD = "gnu++14";
				CLANG_CXX_LIBRARY = "libc++";
				CLANG_ENABLE_MODULES = YES;
				CLANG_ENABLE_OBJC_ARC = YES;
				CLANG_WARN_BLOCK_CAPTURE_AUTORELEASING = YES;
				CLANG_WARN_BOOL_CONVERSION = YES;
				CLANG_WARN_COMMA = YES;
				CLANG_WARN_CONSTANT_CONVERSION = YES;
				CLANG_WARN_DIRECT_OBJC_ISA_USAGE = YES_ERROR;
				CLANG_WARN_DOCUMENTATION_COMMENTS = YES;
				CLANG_WARN_EMPTY_BODY = YES;
				CLANG_WARN_ENUM_CONVERSION = YES;
				CLANG_WARN_INFINITE_RECURSION = YES;
				CLANG_WARN_INT_CONVERSION = YES;
				CLANG_WARN_NON_LITERAL_NULL_CONVERSION = YES;
				CLANG_WARN_OBJC_LITERAL_CONVERSION = YES;
				CLANG_WARN_OBJC_ROOT_CLASS = YES_ERROR;
				CLANG_WARN_RANGE_LOOP_ANALYSIS = YES;
				CLANG_WARN_STRICT_PROTOTYPES = YES;
				CLANG_WARN_SUSPICIOUS_MOVE = YES;
				CLANG_WARN_UNGUARDED_AVAILABILITY = YES_AGGRESSIVE;
				CLANG_WARN_UNREACHABLE_CODE = YES;
				CLANG_WARN__DUPLICATE_METHOD_MATCH = YES;
				CODE_SIGN_IDENTITY = "iPhone Developer";
				COPY_PHASE_STRIP = NO;
				DEBUG_INFORMATION_FORMAT = "dwarf-with-dsym";
				ENABLE_NS_ASSERTIONS = NO;
				ENABLE_STRICT_OBJC_MSGSEND = YES;
				GCC_C_LANGUAGE_STANDARD = gnu11;
				GCC_NO_COMMON_BLOCKS = YES;
				GCC_WARN_64_TO_32_BIT_CONVERSION = YES;
				GCC_WARN_ABOUT_RETURN_TYPE = YES_ERROR;
				GCC_WARN_UNDECLARED_SELECTOR = YES;
				GCC_WARN_UNINITIALIZED_AUTOS = YES_AGGRESSIVE;
				GCC_WARN_UNUSED_FUNCTION = YES;
				GCC_WARN_UNUSED_VARIABLE = YES;
				IPHONEOS_DEPLOYMENT_TARGET = 11.1;
				MTL_ENABLE_DEBUG_INFO = NO;
				SDKROOT = iphoneos;
				SWIFT_OPTIMIZATION_LEVEL = "-Owholemodule";
				VALIDATE_PRODUCT = YES;
			};
			name = Release;
		};
		615DC6FA1FC5F3CA0021BF86 /* Debug */ = {
			isa = XCBuildConfiguration;
			buildSettings = {
				ASSETCATALOG_COMPILER_APPICON_NAME = AppIcon;
				CODE_SIGN_STYLE = Automatic;
				INFOPLIST_FILE = NewsApp/Info.plist;
				LD_RUNPATH_SEARCH_PATHS = "$(inherited) @executable_path/Frameworks";
				PRODUCT_BUNDLE_IDENTIFIER = aki.NewsApp;
				PRODUCT_NAME = "$(TARGET_NAME)";
				SWIFT_VERSION = 4.0;
				TARGETED_DEVICE_FAMILY = "1,2";
			};
			name = Debug;
		};
		615DC6FB1FC5F3CA0021BF86 /* Release */ = {
			isa = XCBuildConfiguration;
			buildSettings = {
				ASSETCATALOG_COMPILER_APPICON_NAME = AppIcon;
				CODE_SIGN_STYLE = Automatic;
				INFOPLIST_FILE = NewsApp/Info.plist;
				LD_RUNPATH_SEARCH_PATHS = "$(inherited) @executable_path/Frameworks";
				PRODUCT_BUNDLE_IDENTIFIER = aki.NewsApp;
				PRODUCT_NAME = "$(TARGET_NAME)";
				SWIFT_VERSION = 4.0;
				TARGETED_DEVICE_FAMILY = "1,2";
			};
			name = Release;
		};
/* End XCBuildConfiguration section */

/* Begin XCConfigurationList section */
		615DC6E21FC5F3CA0021BF86 /* Build configuration list for PBXProject "NewsApp" */ = {
			isa = XCConfigurationList;
			buildConfigurations = (
				615DC6F71FC5F3CA0021BF86 /* Debug */,
				615DC6F81FC5F3CA0021BF86 /* Release */,
			);
			defaultConfigurationIsVisible = 0;
			defaultConfigurationName = Release;
		};
		615DC6F91FC5F3CA0021BF86 /* Build configuration list for PBXNativeTarget "NewsApp" */ = {
			isa = XCConfigurationList;
			buildConfigurations = (
				615DC6FA1FC5F3CA0021BF86 /* Debug */,
				615DC6FB1FC5F3CA0021BF86 /* Release */,
			);
			defaultConfigurationIsVisible = 0;
			defaultConfigurationName = Release;
		};
/* End XCConfigurationList section */
	};
	rootObject = 615DC6DF1FC5F3CA0021BF86 /* Project object */;
}
